
Microsoft Visual Studio Solution File, Format Version 12.00
# Visual Studio Version 16
VisualStudioVersion = 16.0.31515.178
MinimumVisualStudioVersion = 10.0.40219.1
Project("{FAE04EC0-301F-11D3-BF4B-00C04F79EFBC}") = "Capas", "Capas.csproj", "{922F63A5-23D8-4A8D-8EA4-63A07FBB66D5}"
EndProject
Global
	GlobalSection(SolutionConfigurationPlatforms) = preSolution
		Debug|Any CPU = Debug|Any CPU
		Release|Any CPU = Release|Any CPU
	EndGlobalSection
	GlobalSection(ProjectConfigurationPlatforms) = postSolution
		{922F63A5-23D8-4A8D-8EA4-63A07FBB66D5}.Debug|Any CPU.ActiveCfg = Debug|Any CPU
		{922F63A5-23D8-4A8D-8EA4-63A07FBB66D5}.Debug|Any CPU.Build.0 = Debug|Any CPU
		{922F63A5-23D8-4A8D-8EA4-63A07FBB66D5}.Release|Any CPU.ActiveCfg = Release|Any CPU
		{922F63A5-23D8-4A8D-8EA4-63A07FBB66D5}.Release|Any CPU.Build.0 = Release|Any CPU
	EndGlobalSection
	GlobalSection(SolutionProperties) = preSolution
		HideSolutionNode = FALSE
	EndGlobalSection
	GlobalSection(ExtensibilityGlobals) = postSolution
		SolutionGuid = {E8469CE4-68B3-4009-9A2D-625D9DBCF3E5}
	EndGlobalSection
EndGlobal
